// !$*UTF8*$!
{
	archiveVersion = 1;
	classes = {
	};
	objectVersion = 60;
	objects = {

/* Begin PBXBuildFile section */
		D33D70FC2B4BA6E3001F1EBD /* Icon.icns in Resources */ = {isa = PBXBuildFile; fileRef = D33D70FB2B4BA6E3001F1EBD /* Icon.icns */; };
		D388E75D2093868300441C31 /* ZKSwizzle.m in Sources */ = {isa = PBXBuildFile; fileRef = D388E7592093868300441C31 /* ZKSwizzle.m */; };
		D388E75E2093868300441C31 /* StickerColorPicker.m in Sources */ = {isa = PBXBuildFile; fileRef = D388E75B2093868300441C31 /* StickerColorPicker.m */; };
/* End PBXBuildFile section */

/* Begin PBXFileReference section */
		D33D70FB2B4BA6E3001F1EBD /* Icon.icns */ = {isa = PBXFileReference; lastKnownFileType = image.icns; path = Icon.icns; sourceTree = "<group>"; };
		D34B48F52B44BF3900FCE663 /* StickiesService.h */ = {isa = PBXFileReference; lastKnownFileType = sourcecode.c.h; path = StickiesService.h; sourceTree = "<group>"; };
		D34B48F62B44BF3900FCE663 /* NSTextDelegate-Protocol.h */ = {isa = PBXFileReference; lastKnownFileType = sourcecode.c.h; path = "NSTextDelegate-Protocol.h"; sourceTree = "<group>"; };
		D34B48F72B44BF3900FCE663 /* SNWindow.h */ = {isa = PBXFileReference; lastKnownFileType = sourcecode.c.h; path = SNWindow.h; sourceTree = "<group>"; };
		D34B48F82B44BF3900FCE663 /* StickiesMigrationProtocol-Protocol.h */ = {isa = PBXFileReference; lastKnownFileType = sourcecode.c.h; path = "StickiesMigrationProtocol-Protocol.h"; sourceTree = "<group>"; };
		D34B48F92B44BF3900FCE663 /* NSApplicationDelegate-Protocol.h */ = {isa = PBXFileReference; lastKnownFileType = sourcecode.c.h; path = "NSApplicationDelegate-Protocol.h"; sourceTree = "<group>"; };
		D34B48FA2B44BF3900FCE663 /* SNMigrationWindowController.h */ = {isa = PBXFileReference; lastKnownFileType = sourcecode.c.h; path = SNMigrationWindowController.h; sourceTree = "<group>"; };
		D34B48FB2B44BF3900FCE663 /* SNFindController.h */ = {isa = PBXFileReference; lastKnownFileType = sourcecode.c.h; path = SNFindController.h; sourceTree = "<group>"; };
		D34B48FC2B44BF3900FCE663 /* NSObject-Protocol.h */ = {isa = PBXFileReference; lastKnownFileType = sourcecode.c.h; path = "NSObject-Protocol.h"; sourceTree = "<group>"; };
		D34B48FD2B44BF3900FCE663 /* CDStructures.h */ = {isa = PBXFileReference; lastKnownFileType = sourcecode.c.h; path = CDStructures.h; sourceTree = "<group>"; };
		D34B48FE2B44BF3900FCE663 /* SNAppDelegate.h */ = {isa = PBXFileReference; lastKnownFileType = sourcecode.c.h; path = SNAppDelegate.h; sourceTree = "<group>"; };
		D34B48FF2B44BF3900FCE663 /* NSTextViewDelegate-Protocol.h */ = {isa = PBXFileReference; lastKnownFileType = sourcecode.c.h; path = "NSTextViewDelegate-Protocol.h"; sourceTree = "<group>"; };
		D34B49002B44BF3900FCE663 /* NSWindowDelegate-Protocol.h */ = {isa = PBXFileReference; lastKnownFileType = sourcecode.c.h; path = "NSWindowDelegate-Protocol.h"; sourceTree = "<group>"; };
		D34B49012B44BF3900FCE663 /* SNSpineView.h */ = {isa = PBXFileReference; lastKnownFileType = sourcecode.c.h; path = SNSpineView.h; sourceTree = "<group>"; };
		D34B49022B44BF3900FCE663 /* SNMenuController.h */ = {isa = PBXFileReference; lastKnownFileType = sourcecode.c.h; path = SNMenuController.h; sourceTree = "<group>"; };
		D34B49032B44BF3900FCE663 /* SNUtility.h */ = {isa = PBXFileReference; lastKnownFileType = sourcecode.c.h; path = SNUtility.h; sourceTree = "<group>"; };
		D34B49042B44BF3900FCE663 /* SNWindowControlButtonCell.h */ = {isa = PBXFileReference; lastKnownFileType = sourcecode.c.h; path = SNWindowControlButtonCell.h; sourceTree = "<group>"; };
		D34B49052B44BF3900FCE663 /* StickiesProtocol-Protocol.h */ = {isa = PBXFileReference; lastKnownFileType = sourcecode.c.h; path = "StickiesProtocol-Protocol.h"; sourceTree = "<group>"; };
		D34B49062B44BF3900FCE663 /* SNDashboardStickiesImporter.h */ = {isa = PBXFileReference; lastKnownFileType = sourcecode.c.h; path = SNDashboardStickiesImporter.h; sourceTree = "<group>"; };
		D34B49072B44BF3900FCE663 /* SNDocument.h */ = {isa = PBXFileReference; lastKnownFileType = sourcecode.c.h; path = SNDocument.h; sourceTree = "<group>"; };
		D388E74F2093866B00441C31 /* StickerColorPicker.bundle */ = {isa = PBXFileReference; explicitFileType = wrapper.cfbundle; includeInIndex = 0; path = StickerColorPicker.bundle; sourceTree = BUILT_PRODUCTS_DIR; };
		D388E7522093866B00441C31 /* Info.plist */ = {isa = PBXFileReference; lastKnownFileType = text.plist.xml; path = Info.plist; sourceTree = "<group>"; };
		D388E7592093868300441C31 /* ZKSwizzle.m */ = {isa = PBXFileReference; fileEncoding = 4; lastKnownFileType = sourcecode.c.objc; path = ZKSwizzle.m; sourceTree = "<group>"; };
		D388E75A2093868300441C31 /* ZKSwizzle.h */ = {isa = PBXFileReference; fileEncoding = 4; lastKnownFileType = sourcecode.c.h; path = ZKSwizzle.h; sourceTree = "<group>"; };
		D388E75B2093868300441C31 /* StickerColorPicker.m */ = {isa = PBXFileReference; fileEncoding = 4; lastKnownFileType = sourcecode.c.objc; path = StickerColorPicker.m; sourceTree = "<group>"; };
/* End PBXFileReference section */

/* Begin PBXFrameworksBuildPhase section */
		D388E74C2093866B00441C31 /* Frameworks */ = {
			isa = PBXFrameworksBuildPhase;
			buildActionMask = 2147483647;
			files = (
			);
			runOnlyForDeploymentPostprocessing = 0;
		};
/* End PBXFrameworksBuildPhase section */

/* Begin PBXGroup section */
		D388E7462093866B00441C31 = {
			isa = PBXGroup;
			children = (
				D388E7512093866B00441C31 /* StickerColorPicker */,
				D388E7502093866B00441C31 /* Products */,
				D3F2EA232B2535D100FE807F /* Frameworks */,
			);
			sourceTree = "<group>";
		};
		D388E7502093866B00441C31 /* Products */ = {
			isa = PBXGroup;
			children = (
				D388E74F2093866B00441C31 /* StickerColorPicker.bundle */,
			);
			name = Products;
			sourceTree = "<group>";
		};
		D388E7512093866B00441C31 /* StickerColorPicker */ = {
			isa = PBXGroup;
			children = (
				D388E7582093868300441C31 /* ZKSwizzle */,
				D388E75B2093868300441C31 /* StickerColorPicker.m */,
				D3F2E9802B25024F00FE807F /* Headers */,
				D3F2E97E2B25021000FE807F /* Resources */,
			);
			path = StickerColorPicker;
			sourceTree = "<group>";
		};
		D388E7582093868300441C31 /* ZKSwizzle */ = {
			isa = PBXGroup;
			children = (
				D388E75A2093868300441C31 /* ZKSwizzle.h */,
				D388E7592093868300441C31 /* ZKSwizzle.m */,
			);
			path = ZKSwizzle;
			sourceTree = "<group>";
		};
		D3F2E97E2B25021000FE807F /* Resources */ = {
			isa = PBXGroup;
			children = (
				D33D70FB2B4BA6E3001F1EBD /* Icon.icns */,
				D388E7522093866B00441C31 /* Info.plist */,
			);
			name = Resources;
			sourceTree = "<group>";
		};
		D3F2E9802B25024F00FE807F /* Headers */ = {
			isa = PBXGroup;
			children = (
				D34B48FD2B44BF3900FCE663 /* CDStructures.h */,
				D34B48F92B44BF3900FCE663 /* NSApplicationDelegate-Protocol.h */,
				D34B48FC2B44BF3900FCE663 /* NSObject-Protocol.h */,
				D34B48F62B44BF3900FCE663 /* NSTextDelegate-Protocol.h */,
				D34B48FF2B44BF3900FCE663 /* NSTextViewDelegate-Protocol.h */,
				D34B49002B44BF3900FCE663 /* NSWindowDelegate-Protocol.h */,
				D34B48FE2B44BF3900FCE663 /* SNAppDelegate.h */,
				D34B49062B44BF3900FCE663 /* SNDashboardStickiesImporter.h */,
				D34B49072B44BF3900FCE663 /* SNDocument.h */,
				D34B48FB2B44BF3900FCE663 /* SNFindController.h */,
				D34B49022B44BF3900FCE663 /* SNMenuController.h */,
				D34B48FA2B44BF3900FCE663 /* SNMigrationWindowController.h */,
				D34B49012B44BF3900FCE663 /* SNSpineView.h */,
				D34B49032B44BF3900FCE663 /* SNUtility.h */,
				D34B48F72B44BF3900FCE663 /* SNWindow.h */,
				D34B49042B44BF3900FCE663 /* SNWindowControlButtonCell.h */,
				D34B48F82B44BF3900FCE663 /* StickiesMigrationProtocol-Protocol.h */,
				D34B49052B44BF3900FCE663 /* StickiesProtocol-Protocol.h */,
				D34B48F52B44BF3900FCE663 /* StickiesService.h */,
			);
			name = Headers;
			sourceTree = "<group>";
		};
		D3F2EA232B2535D100FE807F /* Frameworks */ = {
			isa = PBXGroup;
			children = (
			);
			name = Frameworks;
			sourceTree = "<group>";
		};
/* End PBXGroup section */

/* Begin PBXNativeTarget section */
		D388E74E2093866B00441C31 /* StickerColorPicker */ = {
			isa = PBXNativeTarget;
			buildConfigurationList = D388E7552093866B00441C31 /* Build configuration list for PBXNativeTarget "StickerColorPicker" */;
			buildPhases = (
				D388E74B2093866B00441C31 /* Sources */,
				D388E74C2093866B00441C31 /* Frameworks */,
				D388E74D2093866B00441C31 /* Resources */,
			);
			buildRules = (
			);
			dependencies = (
			);
			name = StickerColorPicker;
			productName = WriteReceipt;
			productReference = D388E74F2093866B00441C31 /* StickerColorPicker.bundle */;
			productType = "com.apple.product-type.bundle";
		};
/* End PBXNativeTarget section */

/* Begin PBXProject section */
		D388E7472093866B00441C31 /* Project object */ = {
			isa = PBXProject;
			attributes = {
				BuildIndependentTargetsInParallel = YES;
				LastUpgradeCheck = 1510;
				ORGANIZATIONNAME = Shishkabibal;
				TargetAttributes = {
					D388E74E2093866B00441C31 = {
						CreatedOnToolsVersion = 9.3;
					};
				};
			};
			buildConfigurationList = D388E74A2093866B00441C31 /* Build configuration list for PBXProject "StickerColorPicker" */;
			compatibilityVersion = "Xcode 15.0";
			developmentRegion = en;
			hasScannedForEncodings = 0;
			knownRegions = (
				en,
				Base,
			);
			mainGroup = D388E7462093866B00441C31;
			productRefGroup = D388E7502093866B00441C31 /* Products */;
			projectDirPath = "";
			projectRoot = "";
			targets = (
				D388E74E2093866B00441C31 /* StickerColorPicker */,
			);
		};
/* End PBXProject section */

/* Begin PBXResourcesBuildPhase section */
		D388E74D2093866B00441C31 /* Resources */ = {
			isa = PBXResourcesBuildPhase;
			buildActionMask = 2147483647;
			files = (
				D33D70FC2B4BA6E3001F1EBD /* Icon.icns in Resources */,
			);
			runOnlyForDeploymentPostprocessing = 0;
		};
/* End PBXResourcesBuildPhase section */

/* Begin PBXSourcesBuildPhase section */
		D388E74B2093866B00441C31 /* Sources */ = {
			isa = PBXSourcesBuildPhase;
			buildActionMask = 2147483647;
			files = (
				D388E75E2093868300441C31 /* StickerColorPicker.m in Sources */,
				D388E75D2093868300441C31 /* ZKSwizzle.m in Sources */,
			);
			runOnlyForDeploymentPostprocessing = 0;
		};
/* End PBXSourcesBuildPhase section */

/* Begin XCBuildConfiguration section */
		D388E7532093866B00441C31 /* Debug */ = {
			isa = XCBuildConfiguration;
			buildSettings = {
				ALWAYS_SEARCH_USER_PATHS = NO;
				ARCHS = (
					"$(ARCHS_STANDARD)",
					arm64e,
					x86_64,
				);
				ASSETCATALOG_COMPILER_GENERATE_SWIFT_ASSET_SYMBOL_EXTENSIONS = YES;
				CLANG_ANALYZER_NONNULL = YES;
				CLANG_ANALYZER_NUMBER_OBJECT_CONVERSION = YES_AGGRESSIVE;
				CLANG_CXX_LANGUAGE_STANDARD = "gnu++14";
				CLANG_CXX_LIBRARY = "libc++";
				CLANG_ENABLE_MODULES = YES;
				CLANG_ENABLE_OBJC_ARC = YES;
				CLANG_ENABLE_OBJC_WEAK = YES;
				CLANG_WARN_BLOCK_CAPTURE_AUTORELEASING = YES;
				CLANG_WARN_BOOL_CONVERSION = YES;
				CLANG_WARN_COMMA = YES;
				CLANG_WARN_CONSTANT_CONVERSION = YES;
				CLANG_WARN_DEPRECATED_OBJC_IMPLEMENTATIONS = YES;
				CLANG_WARN_DIRECT_OBJC_ISA_USAGE = YES_ERROR;
				CLANG_WARN_DOCUMENTATION_COMMENTS = YES;
				CLANG_WARN_EMPTY_BODY = YES;
				CLANG_WARN_ENUM_CONVERSION = YES;
				CLANG_WARN_INFINITE_RECURSION = YES;
				CLANG_WARN_INT_CONVERSION = YES;
				CLANG_WARN_NON_LITERAL_NULL_CONVERSION = YES;
				CLANG_WARN_OBJC_IMPLICIT_RETAIN_SELF = YES;
				CLANG_WARN_OBJC_LITERAL_CONVERSION = YES;
				CLANG_WARN_OBJC_ROOT_CLASS = YES_ERROR;
				CLANG_WARN_QUOTED_INCLUDE_IN_FRAMEWORK_HEADER = YES;
				CLANG_WARN_RANGE_LOOP_ANALYSIS = YES;
				CLANG_WARN_STRICT_PROTOTYPES = YES;
				CLANG_WARN_SUSPICIOUS_MOVE = YES;
				CLANG_WARN_UNGUARDED_AVAILABILITY = YES_AGGRESSIVE;
				CLANG_WARN_UNREACHABLE_CODE = YES;
				CLANG_WARN__DUPLICATE_METHOD_MATCH = YES;
				CODE_SIGN_IDENTITY = "-";
				COPY_PHASE_STRIP = NO;
				DEAD_CODE_STRIPPING = YES;
				DEBUG_INFORMATION_FORMAT = dwarf;
				DEPLOYMENT_POSTPROCESSING = NO;
				ENABLE_STRICT_OBJC_MSGSEND = YES;
				ENABLE_TESTABILITY = YES;
				ENABLE_USER_SCRIPT_SANDBOXING = YES;
				GCC_C_LANGUAGE_STANDARD = gnu11;
				GCC_DYNAMIC_NO_PIC = NO;
				GCC_NO_COMMON_BLOCKS = YES;
				GCC_OPTIMIZATION_LEVEL = 0;
				GCC_PREPROCESSOR_DEFINITIONS = (
					"DEBUG=1",
					"$(inherited)",
				);
				GCC_WARN_64_TO_32_BIT_CONVERSION = YES;
				GCC_WARN_ABOUT_RETURN_TYPE = YES_ERROR;
				GCC_WARN_UNDECLARED_SELECTOR = YES;
				GCC_WARN_UNINITIALIZED_AUTOS = YES_AGGRESSIVE;
				GCC_WARN_UNUSED_FUNCTION = YES;
				GCC_WARN_UNUSED_VARIABLE = YES;
				MACOSX_DEPLOYMENT_TARGET = "$(RECOMMENDED_MACOSX_DEPLOYMENT_TARGET)";
				MTL_ENABLE_DEBUG_INFO = YES;
				ONLY_ACTIVE_ARCH = YES;
				SDKROOT = macosx;
				WARNING_CFLAGS = "-Wno-nullability-completeness";
			};
			name = Debug;
		};
		D388E7542093866B00441C31 /* Release */ = {
			isa = XCBuildConfiguration;
			buildSettings = {
				ALWAYS_SEARCH_USER_PATHS = NO;
				ARCHS = (
					"$(ARCHS_STANDARD)",
					arm64e,
					x86_64,
				);
				ASSETCATALOG_COMPILER_GENERATE_SWIFT_ASSET_SYMBOL_EXTENSIONS = YES;
				CLANG_ANALYZER_NONNULL = YES;
				CLANG_ANALYZER_NUMBER_OBJECT_CONVERSION = YES_AGGRESSIVE;
				CLANG_CXX_LANGUAGE_STANDARD = "gnu++14";
				CLANG_CXX_LIBRARY = "libc++";
				CLANG_ENABLE_MODULES = YES;
				CLANG_ENABLE_OBJC_ARC = YES;
				CLANG_ENABLE_OBJC_WEAK = YES;
				CLANG_WARN_BLOCK_CAPTURE_AUTORELEASING = YES;
				CLANG_WARN_BOOL_CONVERSION = YES;
				CLANG_WARN_COMMA = YES;
				CLANG_WARN_CONSTANT_CONVERSION = YES;
				CLANG_WARN_DEPRECATED_OBJC_IMPLEMENTATIONS = YES;
				CLANG_WARN_DIRECT_OBJC_ISA_USAGE = YES_ERROR;
				CLANG_WARN_DOCUMENTATION_COMMENTS = YES;
				CLANG_WARN_EMPTY_BODY = YES;
				CLANG_WARN_ENUM_CONVERSION = YES;
				CLANG_WARN_INFINITE_RECURSION = YES;
				CLANG_WARN_INT_CONVERSION = YES;
				CLANG_WARN_NON_LITERAL_NULL_CONVERSION = YES;
				CLANG_WARN_OBJC_IMPLICIT_RETAIN_SELF = YES;
				CLANG_WARN_OBJC_LITERAL_CONVERSION = YES;
				CLANG_WARN_OBJC_ROOT_CLASS = YES_ERROR;
				CLANG_WARN_QUOTED_INCLUDE_IN_FRAMEWORK_HEADER = YES;
				CLANG_WARN_RANGE_LOOP_ANALYSIS = YES;
				CLANG_WARN_STRICT_PROTOTYPES = YES;
				CLANG_WARN_SUSPICIOUS_MOVE = YES;
				CLANG_WARN_UNGUARDED_AVAILABILITY = YES_AGGRESSIVE;
				CLANG_WARN_UNREACHABLE_CODE = YES;
				CLANG_WARN__DUPLICATE_METHOD_MATCH = YES;
				CODE_SIGN_IDENTITY = "-";
				COPY_PHASE_STRIP = NO;
				DEAD_CODE_STRIPPING = YES;
				DEBUG_INFORMATION_FORMAT = "dwarf-with-dsym";
				DEPLOYMENT_POSTPROCESSING = NO;
				ENABLE_NS_ASSERTIONS = NO;
				ENABLE_STRICT_OBJC_MSGSEND = YES;
				ENABLE_USER_SCRIPT_SANDBOXING = YES;
				GCC_C_LANGUAGE_STANDARD = gnu11;
				GCC_NO_COMMON_BLOCKS = YES;
				GCC_WARN_64_TO_32_BIT_CONVERSION = YES;
				GCC_WARN_ABOUT_RETURN_TYPE = YES_ERROR;
				GCC_WARN_UNDECLARED_SELECTOR = YES;
				GCC_WARN_UNINITIALIZED_AUTOS = YES_AGGRESSIVE;
				GCC_WARN_UNUSED_FUNCTION = YES;
				GCC_WARN_UNUSED_VARIABLE = YES;
				MACOSX_DEPLOYMENT_TARGET = "$(RECOMMENDED_MACOSX_DEPLOYMENT_TARGET)";
				MTL_ENABLE_DEBUG_INFO = NO;
				SDKROOT = macosx;
				WARNING_CFLAGS = "-Wno-nullability-completeness";
			};
			name = Release;
		};
		D388E7562093866B00441C31 /* Debug */ = {
			isa = XCBuildConfiguration;
			buildSettings = {
				ARCHS = (
					arm64e,
					x86_64,
				);
				CODE_SIGN_STYLE = Automatic;
				COMBINE_HIDPI_IMAGES = YES;
				CONFIGURATION_BUILD_DIR = "$(BUILD_DIR)/";
				DEAD_CODE_STRIPPING = YES;
				DEPLOYMENT_POSTPROCESSING = NO;
				FRAMEWORK_SEARCH_PATHS = (
					"$(inherited)",
					"$(PROJECT_DIR)",
					"$(PROJECT_DIR)/StickerColorPicker",
				);
				INFOPLIST_FILE = StickerColorPicker/Info.plist;
				INSTALL_PATH = "$(LOCAL_LIBRARY_DIR)/Application Support/MacEnhance/Plugins";
				MACOSX_DEPLOYMENT_TARGET = "$(RECOMMENDED_MACOSX_DEPLOYMENT_TARGET)";
				PRODUCT_BUNDLE_IDENTIFIER = com.shishkabibal.StickerColorPicker;
				PRODUCT_NAME = "$(TARGET_NAME)";
				SKIP_INSTALL = YES;
				SYSTEM_FRAMEWORK_SEARCH_PATHS = (
					"$(inherited)",
					"$(SYSTEM_LIBRARY_DIR)/PrivateFrameworks",
				);
				WRAPPER_EXTENSION = bundle;
			};
			name = Debug;
		};
		D388E7572093866B00441C31 /* Release */ = {
			isa = XCBuildConfiguration;
			buildSettings = {
				ARCHS = (
					arm64e,
					x86_64,
				);
				CODE_SIGN_STYLE = Automatic;
				COMBINE_HIDPI_IMAGES = YES;
				DEAD_CODE_STRIPPING = YES;
				DEPLOYMENT_POSTPROCESSING = NO;
				FRAMEWORK_SEARCH_PATHS = (
					"$(inherited)",
					"$(PROJECT_DIR)",
					"$(PROJECT_DIR)/StickerColorPicker",
				);
				INFOPLIST_FILE = StickerColorPicker/Info.plist;
				INSTALL_PATH = "$(LOCAL_LIBRARY_DIR)/Application Support/MacEnhance/Plugins";
				MACOSX_DEPLOYMENT_TARGET = "$(RECOMMENDED_MACOSX_DEPLOYMENT_TARGET)";
				PRODUCT_BUNDLE_IDENTIFIER = com.shishkabibal.StickerColorPicker;
				PRODUCT_NAME = "$(TARGET_NAME)";
				SKIP_INSTALL = YES;
				SYSTEM_FRAMEWORK_SEARCH_PATHS = (
					"$(inherited)",
					"$(SYSTEM_LIBRARY_DIR)/PrivateFrameworks",
				);
				WRAPPER_EXTENSION = bundle;
			};
			name = Release;
		};
/* End XCBuildConfiguration section */

/* Begin XCConfigurationList section */
		D388E74A2093866B00441C31 /* Build configuration list for PBXProject "StickerColorPicker" */ = {
			isa = XCConfigurationList;
			buildConfigurations = (
				D388E7532093866B00441C31 /* Debug */,
				D388E7542093866B00441C31 /* Release */,
			);
			defaultConfigurationIsVisible = 0;
			defaultConfigurationName = Release;
		};
		D388E7552093866B00441C31 /* Build configuration list for PBXNativeTarget "StickerColorPicker" */ = {
			isa = XCConfigurationList;
			buildConfigurations = (
				D388E7562093866B00441C31 /* Debug */,
				D388E7572093866B00441C31 /* Release */,
			);
			defaultConfigurationIsVisible = 0;
			defaultConfigurationName = Release;
		};
/* End XCConfigurationList section */
	};
	rootObject = D388E7472093866B00441C31 /* Project object */;
}
